
Microsoft Visual Studio Solution File, Format Version 12.00
# Visual Studio Version 16
VisualStudioVersion = 16.0.30114.105
MinimumVisualStudioVersion = 10.0.40219.1
Project("{2150E333-8FDC-42A3-9474-1A3956D46DE8}") = "src", "src", "{A48FD4E8-0780-40B1-A2A7-D527DAB5A366}"
EndProject
Project("{FAE04EC0-301F-11D3-BF4B-00C04F79EFBC}") = "Xtra.Models", "src\Xtra.Models\Xtra.Models.csproj", "{2FF12EAF-60FE-49C0-8B28-7C69D552DE1B}"
EndProject
Global
	GlobalSection(SolutionConfigurationPlatforms) = preSolution
		Debug|Any CPU = Debug|Any CPU
		Release|Any CPU = Release|Any CPU
	EndGlobalSection
	GlobalSection(SolutionProperties) = preSolution
		HideSolutionNode = FALSE
	EndGlobalSection
	GlobalSection(ProjectConfigurationPlatforms) = postSolution
		{2FF12EAF-60FE-49C0-8B28-7C69D552DE1B}.Debug|Any CPU.ActiveCfg = Debug|Any CPU
		{2FF12EAF-60FE-49C0-8B28-7C69D552DE1B}.Debug|Any CPU.Build.0 = Debug|Any CPU
		{2FF12EAF-60FE-49C0-8B28-7C69D552DE1B}.Release|Any CPU.ActiveCfg = Release|Any CPU
		{2FF12EAF-60FE-49C0-8B28-7C69D552DE1B}.Release|Any CPU.Build.0 = Release|Any CPU
	EndGlobalSection
	GlobalSection(NestedProjects) = preSolution
		{2FF12EAF-60FE-49C0-8B28-7C69D552DE1B} = {A48FD4E8-0780-40B1-A2A7-D527DAB5A366}
	EndGlobalSection
EndGlobal
